
Microsoft Visual Studio Solution File, Format Version 12.00
# Visual Studio Version 17
VisualStudioVersion = 17.10.35122.118
MinimumVisualStudioVersion = 10.0.40219.1
Project("{FAE04EC0-301F-11D3-BF4B-00C04F79EFBC}") = "Thread Post Parser", "Thread Post Parser\Thread Post Parser.csproj", "{D9F6B90F-1D92-405F-ADD9-FFEA523FD89C}"
EndProject
Global
	GlobalSection(SolutionConfigurationPlatforms) = preSolution
		Debug|Any CPU = Debug|Any CPU
		Release|Any CPU = Release|Any CPU
	EndGlobalSection
	GlobalSection(ProjectConfigurationPlatforms) = postSolution
		{D9F6B90F-1D92-405F-ADD9-FFEA523FD89C}.Debug|Any CPU.ActiveCfg = Debug|Any CPU
		{D9F6B90F-1D92-405F-ADD9-FFEA523FD89C}.Debug|Any CPU.Build.0 = Debug|Any CPU
		{D9F6B90F-1D92-405F-ADD9-FFEA523FD89C}.Release|Any CPU.ActiveCfg = Release|Any CPU
		{D9F6B90F-1D92-405F-ADD9-FFEA523FD89C}.Release|Any CPU.Build.0 = Release|Any CPU
	EndGlobalSection
	GlobalSection(SolutionProperties) = preSolution
		HideSolutionNode = FALSE
	EndGlobalSection
	GlobalSection(ExtensibilityGlobals) = postSolution
		SolutionGuid = {FC89C212-8520-4DF8-AA06-674E530FD6B2}
	EndGlobalSection
EndGlobal
